
Microsoft Visual Studio Solution File, Format Version 12.00
# Visual Studio Version 17
VisualStudioVersion = 17.1.32228.430
MinimumVisualStudioVersion = 10.0.40219.1
Project("{9A19103F-16F7-4668-BE54-9A1E7A4F7556}") = "ServiceA", "ServiceA\ServiceA.csproj", "{EE8C64E6-4D7A-4DC5-96AD-9F5D7D352661}"
EndProject
Project("{9A19103F-16F7-4668-BE54-9A1E7A4F7556}") = "ServiceB", "ServiceB\ServiceB.csproj", "{3C6E5DA7-28EF-4D9A-828A-2C9B8C9829F2}"
EndProject
Project("{9A19103F-16F7-4668-BE54-9A1E7A4F7556}") = "ServiceC", "ServiceC\ServiceC.csproj", "{94A235E5-EBFE-4758-9E14-16297B67BE34}"
EndProject
Project("{9A19103F-16F7-4668-BE54-9A1E7A4F7556}") = "WebStatusMonitor.Client", "WebStatusMonitor.Client\WebStatusMonitor.Client.csproj", "{D7D65BBA-5511-439F-B8B7-231B2362E200}"
EndProject
Project("{9A19103F-16F7-4668-BE54-9A1E7A4F7556}") = "MSDemo.Models", "MSDemo.Models\MSDemo.Models.csproj", "{691D2F3A-DD97-4F27-9DEF-194BA1ED419F}"
EndProject
Project("{2150E333-8FDC-42A3-9474-1A3956D46DE8}") = "ImagesTaskSolution", "ImagesTaskSolution", "{CA8D830F-5EFB-43DE-A4CC-AF10EF1A7022}"
EndProject
Project("{2150E333-8FDC-42A3-9474-1A3956D46DE8}") = "Client", "Client", "{C9DEAA13-CE0C-478B-BE75-B826CCD36010}"
EndProject
Project("{2150E333-8FDC-42A3-9474-1A3956D46DE8}") = "Server", "Server", "{F807DB08-8A6F-4C80-84DE-20CD0627063D}"
EndProject
Project("{2150E333-8FDC-42A3-9474-1A3956D46DE8}") = "Shared", "Shared", "{EC42910E-39E9-4449-9984-8549564FC9B7}"
EndProject
Project("{9A19103F-16F7-4668-BE54-9A1E7A4F7556}") = "ImageStorageSystem.Lib.Models", "ImageStorageSystem.Lib.Models\ImageStorageSystem.Lib.Models.csproj", "{8001AA40-6477-4CC6-9EAE-D0C721AA2D48}"
EndProject
Project("{9A19103F-16F7-4668-BE54-9A1E7A4F7556}") = "ImageStorageSystem.LocalStorage.WebAPI", "ImageStorageSystem.LocalStorage.WebAPI\ImageStorageSystem.LocalStorage.WebAPI.csproj", "{126144FA-0030-42CC-987F-90608A34C172}"
EndProject
Project("{9A19103F-16F7-4668-BE54-9A1E7A4F7556}") = "ImageStorageSystem.OnlineStorage.webAPI", "ImageStorageSystem.OnlineStorage.webAPI\ImageStorageSystem.OnlineStorage.webAPI.csproj", "{3245A02D-E05E-4A0B-A2BE-6178E073F4C0}"
EndProject
Project("{9A19103F-16F7-4668-BE54-9A1E7A4F7556}") = "ImageStorageSystem.Backend.Lib", "ImageStorageSystem.Backend.Lib\ImageStorageSystem.Backend.Lib.csproj", "{1152B420-EAA8-4F28-8305-A24DB5D2AAC1}"
EndProject
Project("{9A19103F-16F7-4668-BE54-9A1E7A4F7556}") = "ImageStorageSystem.ImageViewer.CLient", "ImageStorageSystem.ImageViewer.CLient\ImageStorageSystem.ImageViewer.CLient.csproj", "{10C4BEB5-03C5-4E88-A050-7D3CE21762A9}"
EndProject
Project("{2150E333-8FDC-42A3-9474-1A3956D46DE8}") = "Swagger", "Swagger", "{FB2B53C4-0E9E-4406-BEB4-DEFD6D00263C}"
EndProject
Project("{FAE04EC0-301F-11D3-BF4B-00C04F79EFBC}") = "ClassicWebApplication1", "ClassicWebApplication1\ClassicWebApplication1.csproj", "{E1A37EDC-D66F-44D4-998F-850ACBF4577A}"
EndProject
Project("{FAE04EC0-301F-11D3-BF4B-00C04F79EFBC}") = "ClassicConsoleApp1", "ClassicConsoleApp1\ClassicConsoleApp1.csproj", "{68A1D81C-9DFC-4DCE-B1DE-6E5FB57AB94F}"
	ProjectSection(ProjectDependencies) = postProject
		{E1A37EDC-D66F-44D4-998F-850ACBF4577A} = {E1A37EDC-D66F-44D4-998F-850ACBF4577A}
	EndProjectSection
EndProject
Project("{9A19103F-16F7-4668-BE54-9A1E7A4F7556}") = "WebApiApplication1", "WebApiApplication1\WebApiApplication1.csproj", "{DAF51407-9639-48D0-B0F3-D20A2945DC4A}"
EndProject
Project("{9A19103F-16F7-4668-BE54-9A1E7A4F7556}") = "WebApiApplication5", "WebApiApplication5\WebApiApplication5.csproj", "{A67DCDD8-9D1A-4D33-83DE-332CE06B244F}"
EndProject
Project("{2150E333-8FDC-42A3-9474-1A3956D46DE8}") = "Blazor", "Blazor", "{C4E68CEB-46D8-42B8-8C98-94CE83030B3B}"
EndProject
Project("{9A19103F-16F7-4668-BE54-9A1E7A4F7556}") = "HelloBlazorApp1", "HelloBlazorApp1\HelloBlazorApp1.csproj", "{7E54B420-7F55-4FA6-A8F7-5EE693A81412}"
EndProject
Project("{2150E333-8FDC-42A3-9474-1A3956D46DE8}") = ".NET 6", ".NET 6", "{DB2DDC10-DC94-424A-AD7A-2D27B5F913A7}"
EndProject
Project("{9A19103F-16F7-4668-BE54-9A1E7A4F7556}") = "ConsoleApp1", "ConsoleApp1\ConsoleApp1.csproj", "{06D207E1-6EAC-4C20-8C76-74B7E473F5D0}"
EndProject
Project("{2150E333-8FDC-42A3-9474-1A3956D46DE8}") = "Application Modernization", "Application Modernization", "{D05FBDA1-8861-4800-BEF8-B88E580E86D0}"
	ProjectSection(SolutionItems) = preProject
		ReadMe!.txt = ReadMe!.txt
	EndProjectSection
EndProject
Project("{9A19103F-16F7-4668-BE54-9A1E7A4F7556}") = "CoreWpfApp1", "CoreWpfApp1\CoreWpfApp1.csproj", "{46123D11-E483-436C-8EAC-465AA2BF174E}"
EndProject
Project("{FAE04EC0-301F-11D3-BF4B-00C04F79EFBC}") = "LegacyWpfApp1", "LegacyWpfApp1\LegacyWpfApp1.csproj", "{66CC243A-3E0C-440C-A110-9DACCC1ACCCB}"
EndProject
Project("{FAE04EC0-301F-11D3-BF4B-00C04F79EFBC}") = "LegacyConsoleApp2", "LegacyConsoleApp2\LegacyConsoleApp2.csproj", "{D733F841-78E0-4D02-9359-61CCB12CEF4B}"
EndProject
Project("{9A19103F-16F7-4668-BE54-9A1E7A4F7556}") = "CoreConsoleApp2", "CoreConsoleApp2\CoreConsoleApp2.csproj", "{82D964F1-D874-4B3E-8275-22E7837EEEDA}"
EndProject
Project("{2150E333-8FDC-42A3-9474-1A3956D46DE8}") = "Solution Items", "Solution Items", "{BCDFD48F-23A3-47E3-B32F-876A09FB1163}"
	ProjectSection(SolutionItems) = preProject
		.editorconfig = .editorconfig
	EndProjectSection
EndProject
Project("{2150E333-8FDC-42A3-9474-1A3956D46DE8}") = "ClassLibraryMigration", "ClassLibraryMigration", "{2C0D36E8-D845-42AB-832A-6D7F1D14872B}"
EndProject
Project("{FAE04EC0-301F-11D3-BF4B-00C04F79EFBC}") = "ClassicClassLibrary1", "ClassicClassLibrary1\ClassicClassLibrary1.csproj", "{CE83E930-30CD-4A8B-B3C6-A961340D3182}"
EndProject
Project("{9A19103F-16F7-4668-BE54-9A1E7A4F7556}") = "StandardClassLibrary1", "StandardClassLibrary1\StandardClassLibrary1.csproj", "{C96FED3E-7344-4434-AFF0-BD8EB9BCC2AC}"
EndProject
Project("{9A19103F-16F7-4668-BE54-9A1E7A4F7556}") = "MutliTargetConsoleApp", "MutliTargetConsoleApp\MutliTargetConsoleApp.csproj", "{17F26DEE-259F-453F-95C5-42A008BDC6D4}"
EndProject
Project("{2150E333-8FDC-42A3-9474-1A3956D46DE8}") = "AppGw", "AppGw", "{C737FF15-5468-4F31-A28B-313C945127E7}"
EndProject
Project("{9A19103F-16F7-4668-BE54-9A1E7A4F7556}") = "BaseAppGw", "BaseAppGw\BaseAppGw.csproj", "{D0110EA5-4716-4D51-9E93-D4C08DDB859E}"
EndProject
Project("{2150E333-8FDC-42A3-9474-1A3956D46DE8}") = "Docker", "Docker", "{AC026ACA-269F-4DB3-82F2-2C5DB10774DD}"
EndProject
Project("{9A19103F-16F7-4668-BE54-9A1E7A4F7556}") = "WebApplication1", "WebApplication1\WebApplication1.csproj", "{0D7BA23F-1A2C-4BFF-AB33-BD42100AF3BE}"
EndProject
Project("{9A19103F-16F7-4668-BE54-9A1E7A4F7556}") = "WebApplication2", "WebApplication2\WebApplication2.csproj", "{B31CDD52-5F3C-4307-AF88-A9917ABC228F}"
EndProject
Project("{9A19103F-16F7-4668-BE54-9A1E7A4F7556}") = "WebApplication3", "WebApplication3\WebApplication3.csproj", "{BD058731-A99D-4CC6-8189-9014EC057531}"
EndProject
Project("{E53339B2-1760-4266-BCC7-CA923CBCF16C}") = "docker-compose", "docker-compose.dcproj", "{A0AEB2EE-7A2F-4257-AFA0-53C139FB296A}"
EndProject
Project("{2150E333-8FDC-42A3-9474-1A3956D46DE8}") = "CSharp", "CSharp", "{E97A12A8-CE4F-4EA6-B350-148C89E2F74B}"
EndProject
Project("{FAE04EC0-301F-11D3-BF4B-00C04F79EFBC}") = "CSharp8", "..\CSharp8\CSharp8.csproj", "{F549EE0A-42F3-4874-9C17-F1E67F898517}"
EndProject
Project("{FAE04EC0-301F-11D3-BF4B-00C04F79EFBC}") = "CSharp9", "..\CSharp9\CSharp9.csproj", "{4F298E7A-A0C0-456F-97C9-9D4A4E641BD0}"
EndProject
Global
	GlobalSection(SolutionConfigurationPlatforms) = preSolution
		Debug|Any CPU = Debug|Any CPU
		Release|Any CPU = Release|Any CPU
	EndGlobalSection
	GlobalSection(ProjectConfigurationPlatforms) = postSolution
		{EE8C64E6-4D7A-4DC5-96AD-9F5D7D352661}.Debug|Any CPU.ActiveCfg = Debug|Any CPU
		{EE8C64E6-4D7A-4DC5-96AD-9F5D7D352661}.Debug|Any CPU.Build.0 = Debug|Any CPU
		{EE8C64E6-4D7A-4DC5-96AD-9F5D7D352661}.Release|Any CPU.ActiveCfg = Release|Any CPU
		{EE8C64E6-4D7A-4DC5-96AD-9F5D7D352661}.Release|Any CPU.Build.0 = Release|Any CPU
		{3C6E5DA7-28EF-4D9A-828A-2C9B8C9829F2}.Debug|Any CPU.ActiveCfg = Debug|Any CPU
		{3C6E5DA7-28EF-4D9A-828A-2C9B8C9829F2}.Debug|Any CPU.Build.0 = Debug|Any CPU
		{3C6E5DA7-28EF-4D9A-828A-2C9B8C9829F2}.Release|Any CPU.ActiveCfg = Release|Any CPU
		{3C6E5DA7-28EF-4D9A-828A-2C9B8C9829F2}.Release|Any CPU.Build.0 = Release|Any CPU
		{94A235E5-EBFE-4758-9E14-16297B67BE34}.Debug|Any CPU.ActiveCfg = Debug|Any CPU
		{94A235E5-EBFE-4758-9E14-16297B67BE34}.Debug|Any CPU.Build.0 = Debug|Any CPU
		{94A235E5-EBFE-4758-9E14-16297B67BE34}.Release|Any CPU.ActiveCfg = Release|Any CPU
		{94A235E5-EBFE-4758-9E14-16297B67BE34}.Release|Any CPU.Build.0 = Release|Any CPU
		{D7D65BBA-5511-439F-B8B7-231B2362E200}.Debug|Any CPU.ActiveCfg = Debug|Any CPU
		{D7D65BBA-5511-439F-B8B7-231B2362E200}.Debug|Any CPU.Build.0 = Debug|Any CPU
		{D7D65BBA-5511-439F-B8B7-231B2362E200}.Release|Any CPU.ActiveCfg = Release|Any CPU
		{D7D65BBA-5511-439F-B8B7-231B2362E200}.Release|Any CPU.Build.0 = Release|Any CPU
		{691D2F3A-DD97-4F27-9DEF-194BA1ED419F}.Debug|Any CPU.ActiveCfg = Debug|Any CPU
		{691D2F3A-DD97-4F27-9DEF-194BA1ED419F}.Debug|Any CPU.Build.0 = Debug|Any CPU
		{691D2F3A-DD97-4F27-9DEF-194BA1ED419F}.Release|Any CPU.ActiveCfg = Release|Any CPU
		{691D2F3A-DD97-4F27-9DEF-194BA1ED419F}.Release|Any CPU.Build.0 = Release|Any CPU
		{8001AA40-6477-4CC6-9EAE-D0C721AA2D48}.Debug|Any CPU.ActiveCfg = Debug|Any CPU
		{8001AA40-6477-4CC6-9EAE-D0C721AA2D48}.Debug|Any CPU.Build.0 = Debug|Any CPU
		{8001AA40-6477-4CC6-9EAE-D0C721AA2D48}.Release|Any CPU.ActiveCfg = Release|Any CPU
		{8001AA40-6477-4CC6-9EAE-D0C721AA2D48}.Release|Any CPU.Build.0 = Release|Any CPU
		{126144FA-0030-42CC-987F-90608A34C172}.Debug|Any CPU.ActiveCfg = Debug|Any CPU
		{126144FA-0030-42CC-987F-90608A34C172}.Debug|Any CPU.Build.0 = Debug|Any CPU
		{126144FA-0030-42CC-987F-90608A34C172}.Release|Any CPU.ActiveCfg = Release|Any CPU
		{126144FA-0030-42CC-987F-90608A34C172}.Release|Any CPU.Build.0 = Release|Any CPU
		{3245A02D-E05E-4A0B-A2BE-6178E073F4C0}.Debug|Any CPU.ActiveCfg = Debug|Any CPU
		{3245A02D-E05E-4A0B-A2BE-6178E073F4C0}.Debug|Any CPU.Build.0 = Debug|Any CPU
		{3245A02D-E05E-4A0B-A2BE-6178E073F4C0}.Release|Any CPU.ActiveCfg = Release|Any CPU
		{3245A02D-E05E-4A0B-A2BE-6178E073F4C0}.Release|Any CPU.Build.0 = Release|Any CPU
		{1152B420-EAA8-4F28-8305-A24DB5D2AAC1}.Debug|Any CPU.ActiveCfg = Debug|Any CPU
		{1152B420-EAA8-4F28-8305-A24DB5D2AAC1}.Debug|Any CPU.Build.0 = Debug|Any CPU
		{1152B420-EAA8-4F28-8305-A24DB5D2AAC1}.Release|Any CPU.ActiveCfg = Release|Any CPU
		{1152B420-EAA8-4F28-8305-A24DB5D2AAC1}.Release|Any CPU.Build.0 = Release|Any CPU
		{10C4BEB5-03C5-4E88-A050-7D3CE21762A9}.Debug|Any CPU.ActiveCfg = Debug|Any CPU
		{10C4BEB5-03C5-4E88-A050-7D3CE21762A9}.Debug|Any CPU.Build.0 = Debug|Any CPU
		{10C4BEB5-03C5-4E88-A050-7D3CE21762A9}.Release|Any CPU.ActiveCfg = Release|Any CPU
		{10C4BEB5-03C5-4E88-A050-7D3CE21762A9}.Release|Any CPU.Build.0 = Release|Any CPU
		{E1A37EDC-D66F-44D4-998F-850ACBF4577A}.Debug|Any CPU.ActiveCfg = Debug|Any CPU
		{E1A37EDC-D66F-44D4-998F-850ACBF4577A}.Debug|Any CPU.Build.0 = Debug|Any CPU
		{E1A37EDC-D66F-44D4-998F-850ACBF4577A}.Release|Any CPU.ActiveCfg = Release|Any CPU
		{E1A37EDC-D66F-44D4-998F-850ACBF4577A}.Release|Any CPU.Build.0 = Release|Any CPU
		{68A1D81C-9DFC-4DCE-B1DE-6E5FB57AB94F}.Debug|Any CPU.ActiveCfg = Debug|Any CPU
		{68A1D81C-9DFC-4DCE-B1DE-6E5FB57AB94F}.Debug|Any CPU.Build.0 = Debug|Any CPU
		{68A1D81C-9DFC-4DCE-B1DE-6E5FB57AB94F}.Release|Any CPU.ActiveCfg = Release|Any CPU
		{68A1D81C-9DFC-4DCE-B1DE-6E5FB57AB94F}.Release|Any CPU.Build.0 = Release|Any CPU
		{DAF51407-9639-48D0-B0F3-D20A2945DC4A}.Debug|Any CPU.ActiveCfg = Debug|Any CPU
		{DAF51407-9639-48D0-B0F3-D20A2945DC4A}.Debug|Any CPU.Build.0 = Debug|Any CPU
		{DAF51407-9639-48D0-B0F3-D20A2945DC4A}.Release|Any CPU.ActiveCfg = Release|Any CPU
		{DAF51407-9639-48D0-B0F3-D20A2945DC4A}.Release|Any CPU.Build.0 = Release|Any CPU
		{A67DCDD8-9D1A-4D33-83DE-332CE06B244F}.Debug|Any CPU.ActiveCfg = Debug|Any CPU
		{A67DCDD8-9D1A-4D33-83DE-332CE06B244F}.Debug|Any CPU.Build.0 = Debug|Any CPU
		{A67DCDD8-9D1A-4D33-83DE-332CE06B244F}.Release|Any CPU.ActiveCfg = Release|Any CPU
		{A67DCDD8-9D1A-4D33-83DE-332CE06B244F}.Release|Any CPU.Build.0 = Release|Any CPU
		{7E54B420-7F55-4FA6-A8F7-5EE693A81412}.Debug|Any CPU.ActiveCfg = Debug|Any CPU
		{7E54B420-7F55-4FA6-A8F7-5EE693A81412}.Debug|Any CPU.Build.0 = Debug|Any CPU
		{7E54B420-7F55-4FA6-A8F7-5EE693A81412}.Release|Any CPU.ActiveCfg = Release|Any CPU
		{7E54B420-7F55-4FA6-A8F7-5EE693A81412}.Release|Any CPU.Build.0 = Release|Any CPU
		{06D207E1-6EAC-4C20-8C76-74B7E473F5D0}.Debug|Any CPU.ActiveCfg = Debug|Any CPU
		{06D207E1-6EAC-4C20-8C76-74B7E473F5D0}.Debug|Any CPU.Build.0 = Debug|Any CPU
		{06D207E1-6EAC-4C20-8C76-74B7E473F5D0}.Release|Any CPU.ActiveCfg = Release|Any CPU
		{06D207E1-6EAC-4C20-8C76-74B7E473F5D0}.Release|Any CPU.Build.0 = Release|Any CPU
		{46123D11-E483-436C-8EAC-465AA2BF174E}.Debug|Any CPU.ActiveCfg = Debug|Any CPU
		{46123D11-E483-436C-8EAC-465AA2BF174E}.Debug|Any CPU.Build.0 = Debug|Any CPU
		{46123D11-E483-436C-8EAC-465AA2BF174E}.Release|Any CPU.ActiveCfg = Release|Any CPU
		{46123D11-E483-436C-8EAC-465AA2BF174E}.Release|Any CPU.Build.0 = Release|Any CPU
		{66CC243A-3E0C-440C-A110-9DACCC1ACCCB}.Debug|Any CPU.ActiveCfg = Debug|Any CPU
		{66CC243A-3E0C-440C-A110-9DACCC1ACCCB}.Debug|Any CPU.Build.0 = Debug|Any CPU
		{66CC243A-3E0C-440C-A110-9DACCC1ACCCB}.Release|Any CPU.ActiveCfg = Release|Any CPU
		{66CC243A-3E0C-440C-A110-9DACCC1ACCCB}.Release|Any CPU.Build.0 = Release|Any CPU
		{D733F841-78E0-4D02-9359-61CCB12CEF4B}.Debug|Any CPU.ActiveCfg = Debug|Any CPU
		{D733F841-78E0-4D02-9359-61CCB12CEF4B}.Debug|Any CPU.Build.0 = Debug|Any CPU
		{D733F841-78E0-4D02-9359-61CCB12CEF4B}.Release|Any CPU.ActiveCfg = Release|Any CPU
		{D733F841-78E0-4D02-9359-61CCB12CEF4B}.Release|Any CPU.Build.0 = Release|Any CPU
		{82D964F1-D874-4B3E-8275-22E7837EEEDA}.Debug|Any CPU.ActiveCfg = Debug|Any CPU
		{82D964F1-D874-4B3E-8275-22E7837EEEDA}.Debug|Any CPU.Build.0 = Debug|Any CPU
		{82D964F1-D874-4B3E-8275-22E7837EEEDA}.Release|Any CPU.ActiveCfg = Release|Any CPU
		{82D964F1-D874-4B3E-8275-22E7837EEEDA}.Release|Any CPU.Build.0 = Release|Any CPU
		{CE83E930-30CD-4A8B-B3C6-A961340D3182}.Debug|Any CPU.ActiveCfg = Debug|Any CPU
		{CE83E930-30CD-4A8B-B3C6-A961340D3182}.Debug|Any CPU.Build.0 = Debug|Any CPU
		{CE83E930-30CD-4A8B-B3C6-A961340D3182}.Release|Any CPU.ActiveCfg = Release|Any CPU
		{CE83E930-30CD-4A8B-B3C6-A961340D3182}.Release|Any CPU.Build.0 = Release|Any CPU
		{C96FED3E-7344-4434-AFF0-BD8EB9BCC2AC}.Debug|Any CPU.ActiveCfg = Debug|Any CPU
		{C96FED3E-7344-4434-AFF0-BD8EB9BCC2AC}.Debug|Any CPU.Build.0 = Debug|Any CPU
		{C96FED3E-7344-4434-AFF0-BD8EB9BCC2AC}.Release|Any CPU.ActiveCfg = Release|Any CPU
		{C96FED3E-7344-4434-AFF0-BD8EB9BCC2AC}.Release|Any CPU.Build.0 = Release|Any CPU
		{17F26DEE-259F-453F-95C5-42A008BDC6D4}.Debug|Any CPU.ActiveCfg = Debug|Any CPU
		{17F26DEE-259F-453F-95C5-42A008BDC6D4}.Debug|Any CPU.Build.0 = Debug|Any CPU
		{17F26DEE-259F-453F-95C5-42A008BDC6D4}.Release|Any CPU.ActiveCfg = Release|Any CPU
		{17F26DEE-259F-453F-95C5-42A008BDC6D4}.Release|Any CPU.Build.0 = Release|Any CPU
		{D0110EA5-4716-4D51-9E93-D4C08DDB859E}.Debug|Any CPU.ActiveCfg = Debug|Any CPU
		{D0110EA5-4716-4D51-9E93-D4C08DDB859E}.Debug|Any CPU.Build.0 = Debug|Any CPU
		{D0110EA5-4716-4D51-9E93-D4C08DDB859E}.Release|Any CPU.ActiveCfg = Release|Any CPU
		{D0110EA5-4716-4D51-9E93-D4C08DDB859E}.Release|Any CPU.Build.0 = Release|Any CPU
		{0D7BA23F-1A2C-4BFF-AB33-BD42100AF3BE}.Debug|Any CPU.ActiveCfg = Debug|Any CPU
		{0D7BA23F-1A2C-4BFF-AB33-BD42100AF3BE}.Debug|Any CPU.Build.0 = Debug|Any CPU
		{0D7BA23F-1A2C-4BFF-AB33-BD42100AF3BE}.Release|Any CPU.ActiveCfg = Release|Any CPU
		{0D7BA23F-1A2C-4BFF-AB33-BD42100AF3BE}.Release|Any CPU.Build.0 = Release|Any CPU
		{B31CDD52-5F3C-4307-AF88-A9917ABC228F}.Debug|Any CPU.ActiveCfg = Debug|Any CPU
		{B31CDD52-5F3C-4307-AF88-A9917ABC228F}.Debug|Any CPU.Build.0 = Debug|Any CPU
		{B31CDD52-5F3C-4307-AF88-A9917ABC228F}.Release|Any CPU.ActiveCfg = Release|Any CPU
		{B31CDD52-5F3C-4307-AF88-A9917ABC228F}.Release|Any CPU.Build.0 = Release|Any CPU
		{BD058731-A99D-4CC6-8189-9014EC057531}.Debug|Any CPU.ActiveCfg = Debug|Any CPU
		{BD058731-A99D-4CC6-8189-9014EC057531}.Debug|Any CPU.Build.0 = Debug|Any CPU
		{BD058731-A99D-4CC6-8189-9014EC057531}.Release|Any CPU.ActiveCfg = Release|Any CPU
		{BD058731-A99D-4CC6-8189-9014EC057531}.Release|Any CPU.Build.0 = Release|Any CPU
		{A0AEB2EE-7A2F-4257-AFA0-53C139FB296A}.Debug|Any CPU.ActiveCfg = Debug|Any CPU
		{A0AEB2EE-7A2F-4257-AFA0-53C139FB296A}.Debug|Any CPU.Build.0 = Debug|Any CPU
		{A0AEB2EE-7A2F-4257-AFA0-53C139FB296A}.Release|Any CPU.ActiveCfg = Release|Any CPU
		{A0AEB2EE-7A2F-4257-AFA0-53C139FB296A}.Release|Any CPU.Build.0 = Release|Any CPU
		{F549EE0A-42F3-4874-9C17-F1E67F898517}.Debug|Any CPU.ActiveCfg = Debug|Any CPU
		{F549EE0A-42F3-4874-9C17-F1E67F898517}.Debug|Any CPU.Build.0 = Debug|Any CPU
		{F549EE0A-42F3-4874-9C17-F1E67F898517}.Release|Any CPU.ActiveCfg = Release|Any CPU
		{F549EE0A-42F3-4874-9C17-F1E67F898517}.Release|Any CPU.Build.0 = Release|Any CPU
		{4F298E7A-A0C0-456F-97C9-9D4A4E641BD0}.Debug|Any CPU.ActiveCfg = Debug|Any CPU
		{4F298E7A-A0C0-456F-97C9-9D4A4E641BD0}.Debug|Any CPU.Build.0 = Debug|Any CPU
		{4F298E7A-A0C0-456F-97C9-9D4A4E641BD0}.Release|Any CPU.ActiveCfg = Release|Any CPU
		{4F298E7A-A0C0-456F-97C9-9D4A4E641BD0}.Release|Any CPU.Build.0 = Release|Any CPU
	EndGlobalSection
	GlobalSection(SolutionProperties) = preSolution
		HideSolutionNode = FALSE
	EndGlobalSection
	GlobalSection(NestedProjects) = preSolution
		{C9DEAA13-CE0C-478B-BE75-B826CCD36010} = {CA8D830F-5EFB-43DE-A4CC-AF10EF1A7022}
		{F807DB08-8A6F-4C80-84DE-20CD0627063D} = {CA8D830F-5EFB-43DE-A4CC-AF10EF1A7022}
		{EC42910E-39E9-4449-9984-8549564FC9B7} = {CA8D830F-5EFB-43DE-A4CC-AF10EF1A7022}
		{8001AA40-6477-4CC6-9EAE-D0C721AA2D48} = {EC42910E-39E9-4449-9984-8549564FC9B7}
		{126144FA-0030-42CC-987F-90608A34C172} = {F807DB08-8A6F-4C80-84DE-20CD0627063D}
		{3245A02D-E05E-4A0B-A2BE-6178E073F4C0} = {F807DB08-8A6F-4C80-84DE-20CD0627063D}
		{1152B420-EAA8-4F28-8305-A24DB5D2AAC1} = {F807DB08-8A6F-4C80-84DE-20CD0627063D}
		{10C4BEB5-03C5-4E88-A050-7D3CE21762A9} = {C9DEAA13-CE0C-478B-BE75-B826CCD36010}
		{E1A37EDC-D66F-44D4-998F-850ACBF4577A} = {FB2B53C4-0E9E-4406-BEB4-DEFD6D00263C}
		{68A1D81C-9DFC-4DCE-B1DE-6E5FB57AB94F} = {FB2B53C4-0E9E-4406-BEB4-DEFD6D00263C}
		{DAF51407-9639-48D0-B0F3-D20A2945DC4A} = {FB2B53C4-0E9E-4406-BEB4-DEFD6D00263C}
		{A67DCDD8-9D1A-4D33-83DE-332CE06B244F} = {FB2B53C4-0E9E-4406-BEB4-DEFD6D00263C}
		{7E54B420-7F55-4FA6-A8F7-5EE693A81412} = {C4E68CEB-46D8-42B8-8C98-94CE83030B3B}
		{06D207E1-6EAC-4C20-8C76-74B7E473F5D0} = {DB2DDC10-DC94-424A-AD7A-2D27B5F913A7}
		{46123D11-E483-436C-8EAC-465AA2BF174E} = {D05FBDA1-8861-4800-BEF8-B88E580E86D0}
		{66CC243A-3E0C-440C-A110-9DACCC1ACCCB} = {D05FBDA1-8861-4800-BEF8-B88E580E86D0}
		{D733F841-78E0-4D02-9359-61CCB12CEF4B} = {D05FBDA1-8861-4800-BEF8-B88E580E86D0}
		{82D964F1-D874-4B3E-8275-22E7837EEEDA} = {D05FBDA1-8861-4800-BEF8-B88E580E86D0}
		{2C0D36E8-D845-42AB-832A-6D7F1D14872B} = {D05FBDA1-8861-4800-BEF8-B88E580E86D0}
		{CE83E930-30CD-4A8B-B3C6-A961340D3182} = {2C0D36E8-D845-42AB-832A-6D7F1D14872B}
		{C96FED3E-7344-4434-AFF0-BD8EB9BCC2AC} = {2C0D36E8-D845-42AB-832A-6D7F1D14872B}
		{17F26DEE-259F-453F-95C5-42A008BDC6D4} = {D05FBDA1-8861-4800-BEF8-B88E580E86D0}
		{D0110EA5-4716-4D51-9E93-D4C08DDB859E} = {C737FF15-5468-4F31-A28B-313C945127E7}
		{0D7BA23F-1A2C-4BFF-AB33-BD42100AF3BE} = {AC026ACA-269F-4DB3-82F2-2C5DB10774DD}
		{B31CDD52-5F3C-4307-AF88-A9917ABC228F} = {AC026ACA-269F-4DB3-82F2-2C5DB10774DD}
		{BD058731-A99D-4CC6-8189-9014EC057531} = {AC026ACA-269F-4DB3-82F2-2C5DB10774DD}
		{F549EE0A-42F3-4874-9C17-F1E67F898517} = {E97A12A8-CE4F-4EA6-B350-148C89E2F74B}
		{4F298E7A-A0C0-456F-97C9-9D4A4E641BD0} = {E97A12A8-CE4F-4EA6-B350-148C89E2F74B}
	EndGlobalSection
	GlobalSection(ExtensibilityGlobals) = postSolution
		SolutionGuid = {C162BADF-6267-4943-976A-F0F9CC8DD1B4}
	EndGlobalSection
EndGlobal
